# This file is automatically @generated by tinymist.
# It is not intended for manual editing.
version = "0.1.0-beta0"

[[document]]
font-paths = ["file:assets/fonts"]
id = "file:documents/thesis/TFG.typ"
inputs = []
main = "file:documents/thesis/TFG.typ"
root = "file:."
system-fonts = true

[[route]]
id = "file:documents/thesis/TFG.typ"
priority = 256
